Microsoft Visual Studio Solution File, Format Version 8.00
Project("{8BC9CEB8-8B4A-11D0-8D11-00A0C91BC942}") = "elogd", "elogd.vcproj", "{96EE8277-42EF-4086-814C-D94BB56BA930}"
	ProjectSection(ProjectDependencies) = postProject
	EndProjectSection
EndProject
Project("{8BC9CEB8-8B4A-11D0-8D11-00A0C91BC942}") = "locext", "locext.vcproj", "{ED99DCD0-7A48-4C02-BB77-088217D7A9D0}"
	ProjectSection(ProjectDependencies) = postProject
	EndProjectSection
EndProject
Global
	GlobalSection(SolutionConfiguration) = preSolution
		Debug = Debug
		Release = Release
	EndGlobalSection
	GlobalSection(ProjectConfiguration) = postSolution
		{96EE8277-42EF-4086-814C-D94BB56BA930}.Debug.ActiveCfg = Debug|Win32
		{96EE8277-42EF-4086-814C-D94BB56BA930}.Debug.Build.0 = Debug|Win32
		{96EE8277-42EF-4086-814C-D94BB56BA930}.Release.ActiveCfg = Release|Win32
		{96EE8277-42EF-4086-814C-D94BB56BA930}.Release.Build.0 = Release|Win32
		{ED99DCD0-7A48-4C02-BB77-088217D7A9D0}.Debug.ActiveCfg = Debug|Win32
		{ED99DCD0-7A48-4C02-BB77-088217D7A9D0}.Release.ActiveCfg = Release|Win32
		{ED99DCD0-7A48-4C02-BB77-088217D7A9D0}.Release.Build.0 = Release|Win32
	EndGlobalSection
	GlobalSection(ExtensibilityGlobals) = postSolution
	EndGlobalSection
	GlobalSection(ExtensibilityAddIns) = postSolution
	EndGlobalSection
EndGlobal
